
Microsoft Visual Studio Solution File, Format Version 12.00
# Visual Studio Version 17
VisualStudioVersion = 17.9.34622.214
MinimumVisualStudioVersion = 10.0.40219.1
Project("{8BC9CEB8-8B4A-11D0-8D11-00A0C91BC942}") = "DLLMemoryLoader", "DLLMemoryLoader\DLLMemoryLoader.vcxproj", "{D8CF818F-27E7-4BF5-896D-4FBE76159307}"
EndProject
Project("{8BC9CEB8-8B4A-11D0-8D11-00A0C91BC942}") = "RunPEInMemory", "RunPEInMemory\RunPEInMemory.vcxproj", "{1F97217E-12DD-42EC-9590-F8FEC2889408}"
EndProject
Project("{8BC9CEB8-8B4A-11D0-8D11-00A0C91BC942}") = "PEPatcher", "PEPatcher\PEPatcher.vcxproj", "{8CB66785-1057-4429-A89D-5A781F55B9AC}"
EndProject
Project("{8BC9CEB8-8B4A-11D0-8D11-00A0C91BC942}") = "ProcessHollowing", "ProcessHollowing\ProcessHollowing.vcxproj", "{6C35A102-8435-4AF9-AFE2-0DDB5367716F}"
EndProject
Project("{8BC9CEB8-8B4A-11D0-8D11-00A0C91BC942}") = "signStego", "signStego\signStego.vcxproj", "{FE10DD3D-C434-4149-993A-772AAB31DA1A}"
EndProject
Project("{8BC9CEB8-8B4A-11D0-8D11-00A0C91BC942}") = "signThief", "signThief\signThief.vcxproj", "{16914714-FD84-4729-941F-095B892952A5}"
EndProject
Project("{8BC9CEB8-8B4A-11D0-8D11-00A0C91BC942}") = "winTrust", "winTrust\winTrust.vcxproj", "{5292973F-74F5-464D-8148-F3A56E360303}"
EndProject
Global
	GlobalSection(SolutionConfigurationPlatforms) = preSolution
		Debug|x64 = Debug|x64
		Debug|x86 = Debug|x86
		Release|x64 = Release|x64
		Release|x86 = Release|x86
	EndGlobalSection
	GlobalSection(ProjectConfigurationPlatforms) = postSolution
		{D8CF818F-27E7-4BF5-896D-4FBE76159307}.Debug|x64.ActiveCfg = Debug|x64
		{D8CF818F-27E7-4BF5-896D-4FBE76159307}.Debug|x64.Build.0 = Debug|x64
		{D8CF818F-27E7-4BF5-896D-4FBE76159307}.Debug|x86.ActiveCfg = Debug|Win32
		{D8CF818F-27E7-4BF5-896D-4FBE76159307}.Debug|x86.Build.0 = Debug|Win32
		{D8CF818F-27E7-4BF5-896D-4FBE76159307}.Release|x64.ActiveCfg = Release|x64
		{D8CF818F-27E7-4BF5-896D-4FBE76159307}.Release|x64.Build.0 = Release|x64
		{D8CF818F-27E7-4BF5-896D-4FBE76159307}.Release|x86.ActiveCfg = Release|Win32
		{D8CF818F-27E7-4BF5-896D-4FBE76159307}.Release|x86.Build.0 = Release|Win32
		{1F97217E-12DD-42EC-9590-F8FEC2889408}.Debug|x64.ActiveCfg = Debug|x64
		{1F97217E-12DD-42EC-9590-F8FEC2889408}.Debug|x64.Build.0 = Debug|x64
		{1F97217E-12DD-42EC-9590-F8FEC2889408}.Debug|x86.ActiveCfg = Debug|Win32
		{1F97217E-12DD-42EC-9590-F8FEC2889408}.Debug|x86.Build.0 = Debug|Win32
		{1F97217E-12DD-42EC-9590-F8FEC2889408}.Release|x64.ActiveCfg = Release|x64
		{1F97217E-12DD-42EC-9590-F8FEC2889408}.Release|x64.Build.0 = Release|x64
		{1F97217E-12DD-42EC-9590-F8FEC2889408}.Release|x86.ActiveCfg = Release|Win32
		{1F97217E-12DD-42EC-9590-F8FEC2889408}.Release|x86.Build.0 = Release|Win32
		{8CB66785-1057-4429-A89D-5A781F55B9AC}.Debug|x64.ActiveCfg = Debug|x64
		{8CB66785-1057-4429-A89D-5A781F55B9AC}.Debug|x64.Build.0 = Debug|x64
		{8CB66785-1057-4429-A89D-5A781F55B9AC}.Debug|x86.ActiveCfg = Debug|Win32
		{8CB66785-1057-4429-A89D-5A781F55B9AC}.Debug|x86.Build.0 = Debug|Win32
		{8CB66785-1057-4429-A89D-5A781F55B9AC}.Release|x64.ActiveCfg = Release|x64
		{8CB66785-1057-4429-A89D-5A781F55B9AC}.Release|x64.Build.0 = Release|x64
		{8CB66785-1057-4429-A89D-5A781F55B9AC}.Release|x86.ActiveCfg = Release|Win32
		{8CB66785-1057-4429-A89D-5A781F55B9AC}.Release|x86.Build.0 = Release|Win32
		{6C35A102-8435-4AF9-AFE2-0DDB5367716F}.Debug|x64.ActiveCfg = Debug|Win32
		{6C35A102-8435-4AF9-AFE2-0DDB5367716F}.Debug|x86.ActiveCfg = Debug|Win32
		{6C35A102-8435-4AF9-AFE2-0DDB5367716F}.Debug|x86.Build.0 = Debug|Win32
		{6C35A102-8435-4AF9-AFE2-0DDB5367716F}.Release|x64.ActiveCfg = Release|x64
		{6C35A102-8435-4AF9-AFE2-0DDB5367716F}.Release|x86.ActiveCfg = Release|Win32
		{6C35A102-8435-4AF9-AFE2-0DDB5367716F}.Release|x86.Build.0 = Release|Win32
		{FE10DD3D-C434-4149-993A-772AAB31DA1A}.Debug|x64.ActiveCfg = Debug|x64
		{FE10DD3D-C434-4149-993A-772AAB31DA1A}.Debug|x64.Build.0 = Debug|x64
		{FE10DD3D-C434-4149-993A-772AAB31DA1A}.Debug|x86.ActiveCfg = Debug|Win32
		{FE10DD3D-C434-4149-993A-772AAB31DA1A}.Debug|x86.Build.0 = Debug|Win32
		{FE10DD3D-C434-4149-993A-772AAB31DA1A}.Release|x64.ActiveCfg = Release|x64
		{FE10DD3D-C434-4149-993A-772AAB31DA1A}.Release|x64.Build.0 = Release|x64
		{FE10DD3D-C434-4149-993A-772AAB31DA1A}.Release|x86.ActiveCfg = Release|Win32
		{FE10DD3D-C434-4149-993A-772AAB31DA1A}.Release|x86.Build.0 = Release|Win32
		{16914714-FD84-4729-941F-095B892952A5}.Debug|x64.ActiveCfg = Debug|x64
		{16914714-FD84-4729-941F-095B892952A5}.Debug|x64.Build.0 = Debug|x64
		{16914714-FD84-4729-941F-095B892952A5}.Debug|x86.ActiveCfg = Debug|Win32
		{16914714-FD84-4729-941F-095B892952A5}.Debug|x86.Build.0 = Debug|Win32
		{16914714-FD84-4729-941F-095B892952A5}.Release|x64.ActiveCfg = Release|x64
		{16914714-FD84-4729-941F-095B892952A5}.Release|x64.Build.0 = Release|x64
		{16914714-FD84-4729-941F-095B892952A5}.Release|x86.ActiveCfg = Release|Win32
		{16914714-FD84-4729-941F-095B892952A5}.Release|x86.Build.0 = Release|Win32
		{5292973F-74F5-464D-8148-F3A56E360303}.Debug|x64.ActiveCfg = Debug|x64
		{5292973F-74F5-464D-8148-F3A56E360303}.Debug|x64.Build.0 = Debug|x64
		{5292973F-74F5-464D-8148-F3A56E360303}.Debug|x86.ActiveCfg = Debug|Win32
		{5292973F-74F5-464D-8148-F3A56E360303}.Debug|x86.Build.0 = Debug|Win32
		{5292973F-74F5-464D-8148-F3A56E360303}.Release|x64.ActiveCfg = Release|x64
		{5292973F-74F5-464D-8148-F3A56E360303}.Release|x64.Build.0 = Release|x64
		{5292973F-74F5-464D-8148-F3A56E360303}.Release|x86.ActiveCfg = Release|Win32
		{5292973F-74F5-464D-8148-F3A56E360303}.Release|x86.Build.0 = Release|Win32
	EndGlobalSection
	GlobalSection(SolutionProperties) = preSolution
		HideSolutionNode = FALSE
	EndGlobalSection
	GlobalSection(ExtensibilityGlobals) = postSolution
		SolutionGuid = {7B8FCFC9-168B-4062-90C5-F45210814064}
	EndGlobalSection
EndGlobal
